
Microsoft Visual Studio Solution File, Format Version 12.00
# Visual Studio Version 17
VisualStudioVersion = 17.7.34009.444
MinimumVisualStudioVersion = 10.0.40219.1
Project("{FAE04EC0-301F-11D3-BF4B-00C04F79EFBC}") = "Zoo", "Zoo\Zoo.csproj", "{C4D7A608-B1DF-402B-8A1C-BA5741EFCE49}"
EndProject
Global
	GlobalSection(SolutionConfigurationPlatforms) = preSolution
		Debug|Any CPU = Debug|Any CPU
		Release|Any CPU = Release|Any CPU
	EndGlobalSection
	GlobalSection(ProjectConfigurationPlatforms) = postSolution
		{C4D7A608-B1DF-402B-8A1C-BA5741EFCE49}.Debug|Any CPU.ActiveCfg = Debug|Any CPU
		{C4D7A608-B1DF-402B-8A1C-BA5741EFCE49}.Debug|Any CPU.Build.0 = Debug|Any CPU
		{C4D7A608-B1DF-402B-8A1C-BA5741EFCE49}.Release|Any CPU.ActiveCfg = Release|Any CPU
		{C4D7A608-B1DF-402B-8A1C-BA5741EFCE49}.Release|Any CPU.Build.0 = Release|Any CPU
	EndGlobalSection
	GlobalSection(SolutionProperties) = preSolution
		HideSolutionNode = FALSE
	EndGlobalSection
	GlobalSection(ExtensibilityGlobals) = postSolution
		SolutionGuid = {9500535A-087D-4F67-BCDB-B02252D7F52D}
	EndGlobalSection
EndGlobal
